
Microsoft Visual Studio Solution File, Format Version 12.00
# Visual Studio Version 17
VisualStudioVersion = 17.0.31903.59
MinimumVisualStudioVersion = 10.0.40219.1
Project("{2150E333-8FDC-42A3-9474-1A3956D46DE8}") = "MeetingRoom", "MeetingRoom", "{33516A7D-9344-4125-99C4-3BFBEE70DE98}"
EndProject
Project("{2150E333-8FDC-42A3-9474-1A3956D46DE8}") = "MeetingRoomTests", "MeetingRoomTests", "{2B12A63D-DE4C-400B-B544-312CF50DC9BE}"
EndProject
Project("{FAE04EC0-301F-11D3-BF4B-00C04F79EFBC}") = "MeetingRoom", "MeetingRoom\MeetingRoom.csproj", "{41C67E1D-EA7E-4496-B341-CFBB7206AB84}"
EndProject
Project("{FAE04EC0-301F-11D3-BF4B-00C04F79EFBC}") = "MeetingRoomTests", "MeetingRoomTests\MeetingRoomTests.csproj", "{BAF83255-9C18-4650-AE14-90DAB6E448A2}"
EndProject
Global
	GlobalSection(SolutionConfigurationPlatforms) = preSolution
		Debug|Any CPU = Debug|Any CPU
		Release|Any CPU = Release|Any CPU
	EndGlobalSection
	GlobalSection(SolutionProperties) = preSolution
		HideSolutionNode = FALSE
	EndGlobalSection
	GlobalSection(ProjectConfigurationPlatforms) = postSolution
		{41C67E1D-EA7E-4496-B341-CFBB7206AB84}.Debug|Any CPU.ActiveCfg = Debug|Any CPU
		{41C67E1D-EA7E-4496-B341-CFBB7206AB84}.Debug|Any CPU.Build.0 = Debug|Any CPU
		{41C67E1D-EA7E-4496-B341-CFBB7206AB84}.Release|Any CPU.ActiveCfg = Release|Any CPU
		{41C67E1D-EA7E-4496-B341-CFBB7206AB84}.Release|Any CPU.Build.0 = Release|Any CPU
		{BAF83255-9C18-4650-AE14-90DAB6E448A2}.Debug|Any CPU.ActiveCfg = Debug|Any CPU
		{BAF83255-9C18-4650-AE14-90DAB6E448A2}.Debug|Any CPU.Build.0 = Debug|Any CPU
		{BAF83255-9C18-4650-AE14-90DAB6E448A2}.Release|Any CPU.ActiveCfg = Release|Any CPU
		{BAF83255-9C18-4650-AE14-90DAB6E448A2}.Release|Any CPU.Build.0 = Release|Any CPU
	EndGlobalSection
	GlobalSection(NestedProjects) = preSolution
		{41C67E1D-EA7E-4496-B341-CFBB7206AB84} = {33516A7D-9344-4125-99C4-3BFBEE70DE98}
		{BAF83255-9C18-4650-AE14-90DAB6E448A2} = {2B12A63D-DE4C-400B-B544-312CF50DC9BE}
	EndGlobalSection
EndGlobal
